
Microsoft Visual Studio Solution File, Format Version 12.00
# Visual Studio Version 17
VisualStudioVersion = 17.5.2.0
MinimumVisualStudioVersion = 10.0.40219.1
Project("{FAE04EC0-301F-11D3-BF4B-00C04F79EFBC}") = "FsCopilot.Exerciser", "src\FsCopilot.Exerciser.csproj", "{B03254B2-3F46-4417-9BB4-6118D12C7E94}"
EndProject
Global
	GlobalSection(SolutionConfigurationPlatforms) = preSolution
		Debug|Any CPU = Debug|Any CPU
		Release|Any CPU = Release|Any CPU
	EndGlobalSection
	GlobalSection(ProjectConfigurationPlatforms) = postSolution
		{B03254B2-3F46-4417-9BB4-6118D12C7E94}.Debug|Any CPU.ActiveCfg = Debug|Any CPU
		{B03254B2-3F46-4417-9BB4-6118D12C7E94}.Debug|Any CPU.Build.0 = Debug|Any CPU
		{B03254B2-3F46-4417-9BB4-6118D12C7E94}.Release|Any CPU.ActiveCfg = Release|Any CPU
		{B03254B2-3F46-4417-9BB4-6118D12C7E94}.Release|Any CPU.Build.0 = Release|Any CPU
	EndGlobalSection
	GlobalSection(SolutionProperties) = preSolution
		HideSolutionNode = FALSE
	EndGlobalSection
EndGlobal
